// !$*UTF8*$!
{
	archiveVersion = 1;
	classes = {
	};
	objectVersion = 50;
	objects = {

/* Begin PBXBuildFile section */
		864916D0C758F93E8C982E31 /* Pods_RXSwiftDemo.framework in Frameworks */ = {isa = PBXBuildFile; fileRef = 38A1A9B69EAB9E097B61A038 /* Pods_RXSwiftDemo.framework */; };
		F91D319B22EC6A74007DEFD5 /* Main.storyboard in Resources */ = {isa = PBXBuildFile; fileRef = F91D319A22EC6A74007DEFD5 /* Main.storyboard */; };
		F9A6AD8F230042120006BE7C /* Signup.swift in Sources */ = {isa = PBXBuildFile; fileRef = F9A6AD8E230042120006BE7C /* Signup.swift */; };
		F9A6AD91230076B00006BE7C /* DataManager.swift in Sources */ = {isa = PBXBuildFile; fileRef = F9A6AD90230076B00006BE7C /* DataManager.swift */; };
		F9A6AD93230085670006BE7C /* APIRequest.swift in Sources */ = {isa = PBXBuildFile; fileRef = F9A6AD92230085670006BE7C /* APIRequest.swift */; };
		F9ACD0D422B29F8200B3C839 /* AppDelegate.swift in Sources */ = {isa = PBXBuildFile; fileRef = F9ACD0D322B29F8200B3C839 /* AppDelegate.swift */; };
		F9ACD0D622B29F8200B3C839 /* SceneDelegate.swift in Sources */ = {isa = PBXBuildFile; fileRef = F9ACD0D522B29F8200B3C839 /* SceneDelegate.swift */; };
		F9ACD0D822B29F8200B3C839 /* ViewController.swift in Sources */ = {isa = PBXBuildFile; fileRef = F9ACD0D722B29F8200B3C839 /* ViewController.swift */; };
		F9ACD0DD22B29F8300B3C839 /* Assets.xcassets in Resources */ = {isa = PBXBuildFile; fileRef = F9ACD0DC22B29F8300B3C839 /* Assets.xcassets */; };
		F9ACD0E022B29F8300B3C839 /* LaunchScreen.storyboard in Resources */ = {isa = PBXBuildFile; fileRef = F9ACD0DE22B29F8300B3C839 /* LaunchScreen.storyboard */; };
/* End PBXBuildFile section */

/* Begin PBXFileReference section */
		270C97E874425F5B5CA5DC29 /* Pods-RXSwiftDemo.release.xcconfig */ = {isa = PBXFileReference; includeInIndex = 1; lastKnownFileType = text.xcconfig; name = "Pods-RXSwiftDemo.release.xcconfig"; path = "Pods/Target Support Files/Pods-RXSwiftDemo/Pods-RXSwiftDemo.release.xcconfig"; sourceTree = "<group>"; };
		38A1A9B69EAB9E097B61A038 /* Pods_RXSwiftDemo.framework */ = {isa = PBXFileReference; explicitFileType = wrapper.framework; includeInIndex = 0; path = Pods_RXSwiftDemo.framework; sourceTree = BUILT_PRODUCTS_DIR; };
		C1E5F1F0631D7848C062DE31 /* Pods-RXSwiftDemo.debug.xcconfig */ = {isa = PBXFileReference; includeInIndex = 1; lastKnownFileType = text.xcconfig; name = "Pods-RXSwiftDemo.debug.xcconfig"; path = "Pods/Target Support Files/Pods-RXSwiftDemo/Pods-RXSwiftDemo.debug.xcconfig"; sourceTree = "<group>"; };
		F91D319A22EC6A74007DEFD5 /* Main.storyboard */ = {isa = PBXFileReference; lastKnownFileType = file.storyboard; name = Main.storyboard; path = ../../../../../../System/Volumes/Data/Users/sateesh/Desktop/RXSwiftDemo/RXSwiftDemo/RXSwiftDemo/Main.storyboard; sourceTree = "<group>"; };
		F9A6AD8E230042120006BE7C /* Signup.swift */ = {isa = PBXFileReference; lastKnownFileType = sourcecode.swift; name = Signup.swift; path = ../../../../../../System/Volumes/Data/Users/sateesh/Desktop/RXSwiftDemo/RXSwiftDemo/RXSwiftDemo/Signup.swift; sourceTree = "<group>"; };
		F9A6AD90230076B00006BE7C /* DataManager.swift */ = {isa = PBXFileReference; lastKnownFileType = sourcecode.swift; name = DataManager.swift; path = ../../../../../../System/Volumes/Data/Users/sateesh/Desktop/RXSwiftDemo/RXSwiftDemo/RXSwiftDemo/DataManager.swift; sourceTree = "<group>"; };
		F9A6AD92230085670006BE7C /* APIRequest.swift */ = {isa = PBXFileReference; lastKnownFileType = sourcecode.swift; name = APIRequest.swift; path = ../../../../../../System/Volumes/Data/Users/sateesh/Desktop/RXSwiftDemo/RXSwiftDemo/RXSwiftDemo/APIRequest.swift; sourceTree = "<group>"; };
		F9ACD0D022B29F8200B3C839 /* RXSwiftDemo.app */ = {isa = PBXFileReference; explicitFileType = wrapper.application; includeInIndex = 0; path = RXSwiftDemo.app; sourceTree = BUILT_PRODUCTS_DIR; };
		F9ACD0D322B29F8200B3C839 /* AppDelegate.swift */ = {isa = PBXFileReference; lastKnownFileType = sourcecode.swift; path = AppDelegate.swift; sourceTree = "<group>"; };
		F9ACD0D522B29F8200B3C839 /* SceneDelegate.swift */ = {isa = PBXFileReference; lastKnownFileType = sourcecode.swift; path = SceneDelegate.swift; sourceTree = "<group>"; };
		F9ACD0D722B29F8200B3C839 /* ViewController.swift */ = {isa = PBXFileReference; lastKnownFileType = sourcecode.swift; path = ViewController.swift; sourceTree = "<group>"; };
		F9ACD0DC22B29F8300B3C839 /* Assets.xcassets */ = {isa = PBXFileReference; lastKnownFileType = folder.assetcatalog; path = Assets.xcassets; sourceTree = "<group>"; };
		F9ACD0DF22B29F8300B3C839 /* Base */ = {isa = PBXFileReference; lastKnownFileType = file.storyboard; name = Base; path = Base.lproj/LaunchScreen.storyboard; sourceTree = "<group>"; };
		F9ACD0E122B29F8300B3C839 /* Info.plist */ = {isa = PBXFileReference; lastKnownFileType = text.plist.xml; path = Info.plist; sourceTree = "<group>"; };
/* End PBXFileReference section */

/* Begin PBXFrameworksBuildPhase section */
		F9ACD0CD22B29F8200B3C839 /* Frameworks */ = {
			isa = PBXFrameworksBuildPhase;
			buildActionMask = 2147483647;
			files = (
				864916D0C758F93E8C982E31 /* Pods_RXSwiftDemo.framework in Frameworks */,
			);
			runOnlyForDeploymentPostprocessing = 0;
		};
/* End PBXFrameworksBuildPhase section */

/* Begin PBXGroup section */
		2576FCA1A50ACAD635ACDD3B /* Frameworks */ = {
			isa = PBXGroup;
			children = (
				38A1A9B69EAB9E097B61A038 /* Pods_RXSwiftDemo.framework */,
			);
			name = Frameworks;
			sourceTree = "<group>";
		};
		B428409F625660DB801EFFAB /* Pods */ = {
			isa = PBXGroup;
			children = (
				C1E5F1F0631D7848C062DE31 /* Pods-RXSwiftDemo.debug.xcconfig */,
				270C97E874425F5B5CA5DC29 /* Pods-RXSwiftDemo.release.xcconfig */,
			);
			name = Pods;
			sourceTree = "<group>";
		};
		F9ACD0C722B29F8200B3C839 = {
			isa = PBXGroup;
			children = (
				F9ACD0D222B29F8200B3C839 /* RXSwiftDemo */,
				F9ACD0D122B29F8200B3C839 /* Products */,
				B428409F625660DB801EFFAB /* Pods */,
				2576FCA1A50ACAD635ACDD3B /* Frameworks */,
			);
			sourceTree = "<group>";
		};
		F9ACD0D122B29F8200B3C839 /* Products */ = {
			isa = PBXGroup;
			children = (
				F9ACD0D022B29F8200B3C839 /* RXSwiftDemo.app */,
			);
			name = Products;
			sourceTree = "<group>";
		};
		F9ACD0D222B29F8200B3C839 /* RXSwiftDemo */ = {
			isa = PBXGroup;
			children = (
				F9ACD0D322B29F8200B3C839 /* AppDelegate.swift */,
				F9ACD0D522B29F8200B3C839 /* SceneDelegate.swift */,
				F9ACD0D722B29F8200B3C839 /* ViewController.swift */,
				F9A6AD8E230042120006BE7C /* Signup.swift */,
				F9A6AD92230085670006BE7C /* APIRequest.swift */,
				F9A6AD90230076B00006BE7C /* DataManager.swift */,
				F91D319A22EC6A74007DEFD5 /* Main.storyboard */,
				F9ACD0DC22B29F8300B3C839 /* Assets.xcassets */,
				F9ACD0DE22B29F8300B3C839 /* LaunchScreen.storyboard */,
				F9ACD0E122B29F8300B3C839 /* Info.plist */,
			);
			path = RXSwiftDemo;
			sourceTree = "<group>";
		};
/* End PBXGroup section */

/* Begin PBXNativeTarget section */
		F9ACD0CF22B29F8200B3C839 /* RXSwiftDemo */ = {
			isa = PBXNativeTarget;
			buildConfigurationList = F9ACD0E422B29F8300B3C839 /* Build configuration list for PBXNativeTarget "RXSwiftDemo" */;
			buildPhases = (
				81F46AB3D137EE25E97BA1E3 /* [CP] Check Pods Manifest.lock */,
				F9ACD0CC22B29F8200B3C839 /* Sources */,
				F9ACD0CD22B29F8200B3C839 /* Frameworks */,
				F9ACD0CE22B29F8200B3C839 /* Resources */,
				001A62D18F3DE2BECFCFCF5E /* [CP] Embed Pods Frameworks */,
			);
			buildRules = (
			);
			dependencies = (
			);
			name = RXSwiftDemo;
			productName = RXSwiftDemo;
			productReference = F9ACD0D022B29F8200B3C839 /* RXSwiftDemo.app */;
			productType = "com.apple.product-type.application";
		};
/* End PBXNativeTarget section */

/* Begin PBXProject section */
		F9ACD0C822B29F8200B3C839 /* Project object */ = {
			isa = PBXProject;
			attributes = {
				LastSwiftUpdateCheck = 1100;
				LastUpgradeCheck = 1100;
				ORGANIZATIONNAME = Company;
				TargetAttributes = {
					F9ACD0CF22B29F8200B3C839 = {
						CreatedOnToolsVersion = 11.0;
					};
				};
			};
			buildConfigurationList = F9ACD0CB22B29F8200B3C839 /* Build configuration list for PBXProject "RXSwiftDemo" */;
			compatibilityVersion = "Xcode 9.3";
			developmentRegion = en;
			hasScannedForEncodings = 0;
			knownRegions = (
				en,
				Base,
			);
			mainGroup = F9ACD0C722B29F8200B3C839;
			productRefGroup = F9ACD0D122B29F8200B3C839 /* Products */;
			projectDirPath = "";
			projectRoot = "";
			targets = (
				F9ACD0CF22B29F8200B3C839 /* RXSwiftDemo */,
			);
		};
/* End PBXProject section */

/* Begin PBXResourcesBuildPhase section */
		F9ACD0CE22B29F8200B3C839 /* Resources */ = {
			isa = PBXResourcesBuildPhase;
			buildActionMask = 2147483647;
			files = (
				F91D319B22EC6A74007DEFD5 /* Main.storyboard in Resources */,
				F9ACD0E022B29F8300B3C839 /* LaunchScreen.storyboard in Resources */,
				F9ACD0DD22B29F8300B3C839 /* Assets.xcassets in Resources */,
			);
			runOnlyForDeploymentPostprocessing = 0;
		};
/* End PBXResourcesBuildPhase section */

/* Begin PBXShellScriptBuildPhase section */
		001A62D18F3DE2BECFCFCF5E /* [CP] Embed Pods Frameworks */ = {
			isa = PBXShellScriptBuildPhase;
			buildActionMask = 2147483647;
			files = (
			);
			inputFileListPaths = (
			);
			inputPaths = (
				"${SRCROOT}/Pods/Target Support Files/Pods-RXSwiftDemo/Pods-RXSwiftDemo-frameworks.sh",
				"${BUILT_PRODUCTS_DIR}/RxAtomic/RxAtomic.framework",
				"${BUILT_PRODUCTS_DIR}/RxCocoa/RxCocoa.framework",
				"${BUILT_PRODUCTS_DIR}/RxSwift/RxSwift.framework",
			);
			name = "[CP] Embed Pods Frameworks";
			outputFileListPaths = (
			);
			outputPaths = (
				"${TARGET_BUILD_DIR}/${FRAMEWORKS_FOLDER_PATH}/RxAtomic.framework",
				"${TARGET_BUILD_DIR}/${FRAMEWORKS_FOLDER_PATH}/RxCocoa.framework",
				"${TARGET_BUILD_DIR}/${FRAMEWORKS_FOLDER_PATH}/RxSwift.framework",
			);
			runOnlyForDeploymentPostprocessing = 0;
			shellPath = /bin/sh;
			shellScript = "\"${SRCROOT}/Pods/Target Support Files/Pods-RXSwiftDemo/Pods-RXSwiftDemo-frameworks.sh\"\n";
			showEnvVarsInLog = 0;
		};
		81F46AB3D137EE25E97BA1E3 /* [CP] Check Pods Manifest.lock */ = {
			isa = PBXShellScriptBuildPhase;
			buildActionMask = 2147483647;
			files = (
			);
			inputFileListPaths = (
			);
			inputPaths = (
				"${PODS_PODFILE_DIR_PATH}/Podfile.lock",
				"${PODS_ROOT}/Manifest.lock",
			);
			name = "[CP] Check Pods Manifest.lock";
			outputFileListPaths = (
			);
			outputPaths = (
				"$(DERIVED_FILE_DIR)/Pods-RXSwiftDemo-checkManifestLockResult.txt",
			);
			runOnlyForDeploymentPostprocessing = 0;
			shellPath = /bin/sh;
			shellScript = "diff \"${PODS_PODFILE_DIR_PATH}/Podfile.lock\" \"${PODS_ROOT}/Manifest.lock\" > /dev/null\nif [ $? != 0 ] ; then\n    # print error to STDERR\n    echo \"error: The sandbox is not in sync with the Podfile.lock. Run 'pod install' or update your CocoaPods installation.\" >&2\n    exit 1\nfi\n# This output is used by Xcode 'outputs' to avoid re-running this script phase.\necho \"SUCCESS\" > \"${SCRIPT_OUTPUT_FILE_0}\"\n";
			showEnvVarsInLog = 0;
		};
/* End PBXShellScriptBuildPhase section */

/* Begin PBXSourcesBuildPhase section */
		F9ACD0CC22B29F8200B3C839 /* Sources */ = {
			isa = PBXSourcesBuildPhase;
			buildActionMask = 2147483647;
			files = (
				F9ACD0D822B29F8200B3C839 /* ViewController.swift in Sources */,
				F9A6AD91230076B00006BE7C /* DataManager.swift in Sources */,
				F9A6AD8F230042120006BE7C /* Signup.swift in Sources */,
				F9ACD0D422B29F8200B3C839 /* AppDelegate.swift in Sources */,
				F9A6AD93230085670006BE7C /* APIRequest.swift in Sources */,
				F9ACD0D622B29F8200B3C839 /* SceneDelegate.swift in Sources */,
			);
			runOnlyForDeploymentPostprocessing = 0;
		};
/* End PBXSourcesBuildPhase section */

/* Begin PBXVariantGroup section */
		F9ACD0DE22B29F8300B3C839 /* LaunchScreen.storyboard */ = {
			isa = PBXVariantGroup;
			children = (
				F9ACD0DF22B29F8300B3C839 /* Base */,
			);
			name = LaunchScreen.storyboard;
			sourceTree = "<group>";
		};
/* End PBXVariantGroup section */

/* Begin XCBuildConfiguration section */
		F9ACD0E222B29F8300B3C839 /* Debug */ = {
			isa = XCBuildConfiguration;
			buildSettings = {
				ALWAYS_SEARCH_USER_PATHS = NO;
				CLANG_ANALYZER_NONNULL = YES;
				CLANG_ANALYZER_NUMBER_OBJECT_CONVERSION = YES_AGGRESSIVE;
				CLANG_CXX_LANGUAGE_STANDARD = "gnu++14";
				CLANG_CXX_LIBRARY = "libc++";
				CLANG_ENABLE_MODULES = YES;
				CLANG_ENABLE_OBJC_ARC = YES;
				CLANG_ENABLE_OBJC_WEAK = YES;
				CLANG_WARN_BLOCK_CAPTURE_AUTORELEASING = YES;
				CLANG_WARN_BOOL_CONVERSION = YES;
				CLANG_WARN_COMMA = YES;
				CLANG_WARN_CONSTANT_CONVERSION = YES;
				CLANG_WARN_DEPRECATED_OBJC_IMPLEMENTATIONS = YES;
				CLANG_WARN_DIRECT_OBJC_ISA_USAGE = YES_ERROR;
				CLANG_WARN_DOCUMENTATION_COMMENTS = YES;
				CLANG_WARN_EMPTY_BODY = YES;
				CLANG_WARN_ENUM_CONVERSION = YES;
				CLANG_WARN_INFINITE_RECURSION = YES;
				CLANG_WARN_INT_CONVERSION = YES;
				CLANG_WARN_NON_LITERAL_NULL_CONVERSION = YES;
				CLANG_WARN_OBJC_IMPLICIT_RETAIN_SELF = YES;
				CLANG_WARN_OBJC_LITERAL_CONVERSION = YES;
				CLANG_WARN_OBJC_ROOT_CLASS = YES_ERROR;
				CLANG_WARN_RANGE_LOOP_ANALYSIS = YES;
				CLANG_WARN_STRICT_PROTOTYPES = YES;
				CLANG_WARN_SUSPICIOUS_MOVE = YES;
				CLANG_WARN_UNGUARDED_AVAILABILITY = YES_AGGRESSIVE;
				CLANG_WARN_UNREACHABLE_CODE = YES;
				CLANG_WARN__DUPLICATE_METHOD_MATCH = YES;
				COPY_PHASE_STRIP = NO;
				DEBUG_INFORMATION_FORMAT = dwarf;
				ENABLE_STRICT_OBJC_MSGSEND = YES;
				ENABLE_TESTABILITY = YES;
				GCC_C_LANGUAGE_STANDARD = gnu11;
				GCC_DYNAMIC_NO_PIC = NO;
				GCC_NO_COMMON_BLOCKS = YES;
				GCC_OPTIMIZATION_LEVEL = 0;
				GCC_PREPROCESSOR_DEFINITIONS = (
					"DEBUG=1",
					"$(inherited)",
				);
				GCC_WARN_64_TO_32_BIT_CONVERSION = YES;
				GCC_WARN_ABOUT_RETURN_TYPE = YES_ERROR;
				GCC_WARN_UNDECLARED_SELECTOR = YES;
				GCC_WARN_UNINITIALIZED_AUTOS = YES_AGGRESSIVE;
				GCC_WARN_UNUSED_FUNCTION = YES;
				GCC_WARN_UNUSED_VARIABLE = YES;
				IPHONEOS_DEPLOYMENT_TARGET = 13.0;
				MTL_ENABLE_DEBUG_INFO = INCLUDE_SOURCE;
				MTL_FAST_MATH = YES;
				ONLY_ACTIVE_ARCH = YES;
				SDKROOT = iphoneos;
				SWIFT_ACTIVE_COMPILATION_CONDITIONS = DEBUG;
				SWIFT_OPTIMIZATION_LEVEL = "-Onone";
			};
			name = Debug;
		};
		F9ACD0E322B29F8300B3C839 /* Release */ = {
			isa = XCBuildConfiguration;
			buildSettings = {
				ALWAYS_SEARCH_USER_PATHS = NO;
				CLANG_ANALYZER_NONNULL = YES;
				CLANG_ANALYZER_NUMBER_OBJECT_CONVERSION = YES_AGGRESSIVE;
				CLANG_CXX_LANGUAGE_STANDARD = "gnu++14";
				CLANG_CXX_LIBRARY = "libc++";
				CLANG_ENABLE_MODULES = YES;
				CLANG_ENABLE_OBJC_ARC = YES;
				CLANG_ENABLE_OBJC_WEAK = YES;
				CLANG_WARN_BLOCK_CAPTURE_AUTORELEASING = YES;
				CLANG_WARN_BOOL_CONVERSION = YES;
				CLANG_WARN_COMMA = YES;
				CLANG_WARN_CONSTANT_CONVERSION = YES;
				CLANG_WARN_DEPRECATED_OBJC_IMPLEMENTATIONS = YES;
				CLANG_WARN_DIRECT_OBJC_ISA_USAGE = YES_ERROR;
				CLANG_WARN_DOCUMENTATION_COMMENTS = YES;
				CLANG_WARN_EMPTY_BODY = YES;
				CLANG_WARN_ENUM_CONVERSION = YES;
				CLANG_WARN_INFINITE_RECURSION = YES;
				CLANG_WARN_INT_CONVERSION = YES;
				CLANG_WARN_NON_LITERAL_NULL_CONVERSION = YES;
				CLANG_WARN_OBJC_IMPLICIT_RETAIN_SELF = YES;
				CLANG_WARN_OBJC_LITERAL_CONVERSION = YES;
				CLANG_WARN_OBJC_ROOT_CLASS = YES_ERROR;
				CLANG_WARN_RANGE_LOOP_ANALYSIS = YES;
				CLANG_WARN_STRICT_PROTOTYPES = YES;
				CLANG_WARN_SUSPICIOUS_MOVE = YES;
				CLANG_WARN_UNGUARDED_AVAILABILITY = YES_AGGRESSIVE;
				CLANG_WARN_UNREACHABLE_CODE = YES;
				CLANG_WARN__DUPLICATE_METHOD_MATCH = YES;
				COPY_PHASE_STRIP = NO;
				DEBUG_INFORMATION_FORMAT = "dwarf-with-dsym";
				ENABLE_NS_ASSERTIONS = NO;
				ENABLE_STRICT_OBJC_MSGSEND = YES;
				GCC_C_LANGUAGE_STANDARD = gnu11;
				GCC_NO_COMMON_BLOCKS = YES;
				GCC_WARN_64_TO_32_BIT_CONVERSION = YES;
				GCC_WARN_ABOUT_RETURN_TYPE = YES_ERROR;
				GCC_WARN_UNDECLARED_SELECTOR = YES;
				GCC_WARN_UNINITIALIZED_AUTOS = YES_AGGRESSIVE;
				GCC_WARN_UNUSED_FUNCTION = YES;
				GCC_WARN_UNUSED_VARIABLE = YES;
				IPHONEOS_DEPLOYMENT_TARGET = 13.0;
				MTL_ENABLE_DEBUG_INFO = NO;
				MTL_FAST_MATH = YES;
				SDKROOT = iphoneos;
				SWIFT_COMPILATION_MODE = wholemodule;
				SWIFT_OPTIMIZATION_LEVEL = "-O";
				VALIDATE_PRODUCT = YES;
			};
			name = Release;
		};
		F9ACD0E522B29F8300B3C839 /* Debug */ = {
			isa = XCBuildConfiguration;
			baseConfigurationReference = C1E5F1F0631D7848C062DE31 /* Pods-RXSwiftDemo.debug.xcconfig */;
			buildSettings = {
				ASSETCATALOG_COMPILER_APPICON_NAME = AppIcon;
				CODE_SIGN_STYLE = Automatic;
				INFOPLIST_FILE = RXSwiftDemo/Info.plist;
				LD_RUNPATH_SEARCH_PATHS = (
					"$(inherited)",
					"@executable_path/Frameworks",
				);
				PRODUCT_BUNDLE_IDENTIFIER = com.Company.RXSwiftDemo;
				PRODUCT_NAME = "$(TARGET_NAME)";
				SWIFT_VERSION = 5.0;
				TARGETED_DEVICE_FAMILY = "1,2";
			};
			name = Debug;
		};
		F9ACD0E622B29F8300B3C839 /* Release */ = {
			isa = XCBuildConfiguration;
			baseConfigurationReference = 270C97E874425F5B5CA5DC29 /* Pods-RXSwiftDemo.release.xcconfig */;
			buildSettings = {
				ASSETCATALOG_COMPILER_APPICON_NAME = AppIcon;
				CODE_SIGN_STYLE = Automatic;
				INFOPLIST_FILE = RXSwiftDemo/Info.plist;
				LD_RUNPATH_SEARCH_PATHS = (
					"$(inherited)",
					"@executable_path/Frameworks",
				);
				PRODUCT_BUNDLE_IDENTIFIER = com.Company.RXSwiftDemo;
				PRODUCT_NAME = "$(TARGET_NAME)";
				SWIFT_VERSION = 5.0;
				TARGETED_DEVICE_FAMILY = "1,2";
			};
			name = Release;
		};
/* End XCBuildConfiguration section */

/* Begin XCConfigurationList section */
		F9ACD0CB22B29F8200B3C839 /* Build configuration list for PBXProject "RXSwiftDemo" */ = {
			isa = XCConfigurationList;
			buildConfigurations = (
				F9ACD0E222B29F8300B3C839 /* Debug */,
				F9ACD0E322B29F8300B3C839 /* Release */,
			);
			defaultConfigurationIsVisible = 0;
			defaultConfigurationName = Release;
		};
		F9ACD0E422B29F8300B3C839 /* Build configuration list for PBXNativeTarget "RXSwiftDemo" */ = {
			isa = XCConfigurationList;
			buildConfigurations = (
				F9ACD0E522B29F8300B3C839 /* Debug */,
				F9ACD0E622B29F8300B3C839 /* Release */,
			);
			defaultConfigurationIsVisible = 0;
			defaultConfigurationName = Release;
		};
/* End XCConfigurationList section */
	};
	rootObject = F9ACD0C822B29F8200B3C839 /* Project object */;
}
